
Microsoft Visual Studio Solution File, Format Version 12.00
# Visual Studio Version 17
VisualStudioVersion = 17.10.35004.147
MinimumVisualStudioVersion = 10.0.40219.1
Project("{8BC9CEB8-8B4A-11D0-8D11-00A0C91BC942}") = "ConverToRGB565_DragAndDrop", "ConverToRGB565_DragAndDrop.vcxproj", "{D06A659C-A270-3509-B7FA-85045C17A8E5}"
EndProject
Global
	GlobalSection(SolutionConfigurationPlatforms) = preSolution
		Debug|x64 = Debug|x64
		Release|x64 = Release|x64
	EndGlobalSection
	GlobalSection(ProjectConfigurationPlatforms) = postSolution
		{D06A659C-A270-3509-B7FA-85045C17A8E5}.Debug|x64.ActiveCfg = Debug|x64
		{D06A659C-A270-3509-B7FA-85045C17A8E5}.Debug|x64.Build.0 = Debug|x64
		{D06A659C-A270-3509-B7FA-85045C17A8E5}.Release|x64.ActiveCfg = Release|x64
		{D06A659C-A270-3509-B7FA-85045C17A8E5}.Release|x64.Build.0 = Release|x64
	EndGlobalSection
	GlobalSection(SolutionProperties) = preSolution
		HideSolutionNode = FALSE
	EndGlobalSection
	GlobalSection(ExtensibilityGlobals) = postSolution
		SolutionGuid = {F443E5EC-6829-4CA6-BF9B-53A3AFF76A25}
	EndGlobalSection
EndGlobal
